
Microsoft Visual Studio Solution File, Format Version 12.00
# Visual Studio Version 16
VisualStudioVersion = 16.0.31005.135
MinimumVisualStudioVersion = 10.0.40219.1
Project("{FAE04EC0-301F-11D3-BF4B-00C04F79EFBC}") = "Moores Law", "Moores Law\Moores Law.csproj", "{950BF23A-A2C2-4673-8FDE-811B001F718D}"
EndProject
Global
	GlobalSection(SolutionConfigurationPlatforms) = preSolution
		Debug|Any CPU = Debug|Any CPU
		Release|Any CPU = Release|Any CPU
	EndGlobalSection
	GlobalSection(ProjectConfigurationPlatforms) = postSolution
		{950BF23A-A2C2-4673-8FDE-811B001F718D}.Debug|Any CPU.ActiveCfg = Debug|Any CPU
		{950BF23A-A2C2-4673-8FDE-811B001F718D}.Debug|Any CPU.Build.0 = Debug|Any CPU
		{950BF23A-A2C2-4673-8FDE-811B001F718D}.Release|Any CPU.ActiveCfg = Release|Any CPU
		{950BF23A-A2C2-4673-8FDE-811B001F718D}.Release|Any CPU.Build.0 = Release|Any CPU
	EndGlobalSection
	GlobalSection(SolutionProperties) = preSolution
		HideSolutionNode = FALSE
	EndGlobalSection
	GlobalSection(ExtensibilityGlobals) = postSolution
		SolutionGuid = {46022371-88C0-4863-8BFE-855DC0C09984}
	EndGlobalSection
EndGlobal
